
Microsoft Visual Studio Solution File, Format Version 12.00
# Visual Studio Version 16
VisualStudioVersion = 16.6.30114.105
MinimumVisualStudioVersion = 10.0.40219.1
Project("{9A19103F-16F7-4668-BE54-9A1E7A4F7556}") = "day03_split_word", "day03_split_word\day03_split_word.csproj", "{2181EA46-241C-4D42-BE1C-3384199347D9}"
EndProject
Project("{9A19103F-16F7-4668-BE54-9A1E7A4F7556}") = "day04_node", "day04_node\day04_node.csproj", "{2C7ED8F7-A818-43BB-985C-64AD153551AA}"
EndProject
Project("{9A19103F-16F7-4668-BE54-9A1E7A4F7556}") = "day05_parser", "day05_parser\day05_parser.csproj", "{569A75DB-3F2A-4B27-81BA-7702177E952A}"
EndProject
Project("{9A19103F-16F7-4668-BE54-9A1E7A4F7556}") = "day17_parser", "day17_parser\day17_parser.csproj", "{11D2BFEF-6381-4FF2-9EF1-3C0AB3670064}"
EndProject
Project("{9A19103F-16F7-4668-BE54-9A1E7A4F7556}") = "day06_interpreter", "day06_interpreter\day06_interpreter.csproj", "{A65AEE99-393C-4F2F-8BA8-DE94CC135B6E}"
EndProject
Project("{9A19103F-16F7-4668-BE54-9A1E7A4F7556}") = "day07_function", "day07_function\day07_function.csproj", "{1900EEED-C012-4890-8347-9AB5EE7F14F8}"
EndProject
Project("{9A19103F-16F7-4668-BE54-9A1E7A4F7556}") = "day08_native", "day08_native\day08_native.csproj", "{F43AD5ED-DD57-4636-8A6D-D2326EEB47FE}"
EndProject
Project("{9A19103F-16F7-4668-BE54-9A1E7A4F7556}") = "day09_class", "day09_class\day09_class.csproj", "{FFD44982-98D6-486A-BECC-43C207D0FF50}"
EndProject
Project("{9A19103F-16F7-4668-BE54-9A1E7A4F7556}") = "day10_array", "day10_array\day10_array.csproj", "{90065BB8-A582-4BC7-98C3-FE342BCB46D5}"
EndProject
Project("{9A19103F-16F7-4668-BE54-9A1E7A4F7556}") = "day11_optimize", "day11_optimize\day11_optimize.csproj", "{2FDFD5C5-6325-4CC3-B720-95566F9474F8}"
EndProject
Project("{9A19103F-16F7-4668-BE54-9A1E7A4F7556}") = "day13_vm", "day13_vm\day13_vm.csproj", "{216FF0D9-033D-4F7C-80CA-732DD84690BA}"
EndProject
Global
	GlobalSection(SolutionConfigurationPlatforms) = preSolution
		Debug|Any CPU = Debug|Any CPU
		Debug|x64 = Debug|x64
		Debug|x86 = Debug|x86
		Release|Any CPU = Release|Any CPU
		Release|x64 = Release|x64
		Release|x86 = Release|x86
	EndGlobalSection
	GlobalSection(ProjectConfigurationPlatforms) = postSolution
		{2181EA46-241C-4D42-BE1C-3384199347D9}.Debug|Any CPU.ActiveCfg = Debug|Any CPU
		{2181EA46-241C-4D42-BE1C-3384199347D9}.Debug|Any CPU.Build.0 = Debug|Any CPU
		{2181EA46-241C-4D42-BE1C-3384199347D9}.Debug|x64.ActiveCfg = Debug|Any CPU
		{2181EA46-241C-4D42-BE1C-3384199347D9}.Debug|x64.Build.0 = Debug|Any CPU
		{2181EA46-241C-4D42-BE1C-3384199347D9}.Debug|x86.ActiveCfg = Debug|Any CPU
		{2181EA46-241C-4D42-BE1C-3384199347D9}.Debug|x86.Build.0 = Debug|Any CPU
		{2181EA46-241C-4D42-BE1C-3384199347D9}.Release|Any CPU.ActiveCfg = Release|Any CPU
		{2181EA46-241C-4D42-BE1C-3384199347D9}.Release|Any CPU.Build.0 = Release|Any CPU
		{2181EA46-241C-4D42-BE1C-3384199347D9}.Release|x64.ActiveCfg = Release|Any CPU
		{2181EA46-241C-4D42-BE1C-3384199347D9}.Release|x64.Build.0 = Release|Any CPU
		{2181EA46-241C-4D42-BE1C-3384199347D9}.Release|x86.ActiveCfg = Release|Any CPU
		{2181EA46-241C-4D42-BE1C-3384199347D9}.Release|x86.Build.0 = Release|Any CPU
		{2C7ED8F7-A818-43BB-985C-64AD153551AA}.Debug|Any CPU.ActiveCfg = Debug|Any CPU
		{2C7ED8F7-A818-43BB-985C-64AD153551AA}.Debug|Any CPU.Build.0 = Debug|Any CPU
		{2C7ED8F7-A818-43BB-985C-64AD153551AA}.Debug|x64.ActiveCfg = Debug|Any CPU
		{2C7ED8F7-A818-43BB-985C-64AD153551AA}.Debug|x64.Build.0 = Debug|Any CPU
		{2C7ED8F7-A818-43BB-985C-64AD153551AA}.Debug|x86.ActiveCfg = Debug|Any CPU
		{2C7ED8F7-A818-43BB-985C-64AD153551AA}.Debug|x86.Build.0 = Debug|Any CPU
		{2C7ED8F7-A818-43BB-985C-64AD153551AA}.Release|Any CPU.ActiveCfg = Release|Any CPU
		{2C7ED8F7-A818-43BB-985C-64AD153551AA}.Release|Any CPU.Build.0 = Release|Any CPU
		{2C7ED8F7-A818-43BB-985C-64AD153551AA}.Release|x64.ActiveCfg = Release|Any CPU
		{2C7ED8F7-A818-43BB-985C-64AD153551AA}.Release|x64.Build.0 = Release|Any CPU
		{2C7ED8F7-A818-43BB-985C-64AD153551AA}.Release|x86.ActiveCfg = Release|Any CPU
		{2C7ED8F7-A818-43BB-985C-64AD153551AA}.Release|x86.Build.0 = Release|Any CPU
		{569A75DB-3F2A-4B27-81BA-7702177E952A}.Debug|Any CPU.ActiveCfg = Debug|Any CPU
		{569A75DB-3F2A-4B27-81BA-7702177E952A}.Debug|Any CPU.Build.0 = Debug|Any CPU
		{569A75DB-3F2A-4B27-81BA-7702177E952A}.Debug|x64.ActiveCfg = Debug|Any CPU
		{569A75DB-3F2A-4B27-81BA-7702177E952A}.Debug|x64.Build.0 = Debug|Any CPU
		{569A75DB-3F2A-4B27-81BA-7702177E952A}.Debug|x86.ActiveCfg = Debug|Any CPU
		{569A75DB-3F2A-4B27-81BA-7702177E952A}.Debug|x86.Build.0 = Debug|Any CPU
		{569A75DB-3F2A-4B27-81BA-7702177E952A}.Release|Any CPU.ActiveCfg = Release|Any CPU
		{569A75DB-3F2A-4B27-81BA-7702177E952A}.Release|Any CPU.Build.0 = Release|Any CPU
		{569A75DB-3F2A-4B27-81BA-7702177E952A}.Release|x64.ActiveCfg = Release|Any CPU
		{569A75DB-3F2A-4B27-81BA-7702177E952A}.Release|x64.Build.0 = Release|Any CPU
		{569A75DB-3F2A-4B27-81BA-7702177E952A}.Release|x86.ActiveCfg = Release|Any CPU
		{569A75DB-3F2A-4B27-81BA-7702177E952A}.Release|x86.Build.0 = Release|Any CPU
		{11D2BFEF-6381-4FF2-9EF1-3C0AB3670064}.Debug|Any CPU.ActiveCfg = Debug|Any CPU
		{11D2BFEF-6381-4FF2-9EF1-3C0AB3670064}.Debug|Any CPU.Build.0 = Debug|Any CPU
		{11D2BFEF-6381-4FF2-9EF1-3C0AB3670064}.Debug|x64.ActiveCfg = Debug|Any CPU
		{11D2BFEF-6381-4FF2-9EF1-3C0AB3670064}.Debug|x64.Build.0 = Debug|Any CPU
		{11D2BFEF-6381-4FF2-9EF1-3C0AB3670064}.Debug|x86.ActiveCfg = Debug|Any CPU
		{11D2BFEF-6381-4FF2-9EF1-3C0AB3670064}.Debug|x86.Build.0 = Debug|Any CPU
		{11D2BFEF-6381-4FF2-9EF1-3C0AB3670064}.Release|Any CPU.ActiveCfg = Release|Any CPU
		{11D2BFEF-6381-4FF2-9EF1-3C0AB3670064}.Release|Any CPU.Build.0 = Release|Any CPU
		{11D2BFEF-6381-4FF2-9EF1-3C0AB3670064}.Release|x64.ActiveCfg = Release|Any CPU
		{11D2BFEF-6381-4FF2-9EF1-3C0AB3670064}.Release|x64.Build.0 = Release|Any CPU
		{11D2BFEF-6381-4FF2-9EF1-3C0AB3670064}.Release|x86.ActiveCfg = Release|Any CPU
		{11D2BFEF-6381-4FF2-9EF1-3C0AB3670064}.Release|x86.Build.0 = Release|Any CPU
		{A65AEE99-393C-4F2F-8BA8-DE94CC135B6E}.Debug|Any CPU.ActiveCfg = Debug|Any CPU
		{A65AEE99-393C-4F2F-8BA8-DE94CC135B6E}.Debug|Any CPU.Build.0 = Debug|Any CPU
		{A65AEE99-393C-4F2F-8BA8-DE94CC135B6E}.Debug|x64.ActiveCfg = Debug|Any CPU
		{A65AEE99-393C-4F2F-8BA8-DE94CC135B6E}.Debug|x64.Build.0 = Debug|Any CPU
		{A65AEE99-393C-4F2F-8BA8-DE94CC135B6E}.Debug|x86.ActiveCfg = Debug|Any CPU
		{A65AEE99-393C-4F2F-8BA8-DE94CC135B6E}.Debug|x86.Build.0 = Debug|Any CPU
		{A65AEE99-393C-4F2F-8BA8-DE94CC135B6E}.Release|Any CPU.ActiveCfg = Release|Any CPU
		{A65AEE99-393C-4F2F-8BA8-DE94CC135B6E}.Release|Any CPU.Build.0 = Release|Any CPU
		{A65AEE99-393C-4F2F-8BA8-DE94CC135B6E}.Release|x64.ActiveCfg = Release|Any CPU
		{A65AEE99-393C-4F2F-8BA8-DE94CC135B6E}.Release|x64.Build.0 = Release|Any CPU
		{A65AEE99-393C-4F2F-8BA8-DE94CC135B6E}.Release|x86.ActiveCfg = Release|Any CPU
		{A65AEE99-393C-4F2F-8BA8-DE94CC135B6E}.Release|x86.Build.0 = Release|Any CPU
		{1900EEED-C012-4890-8347-9AB5EE7F14F8}.Debug|Any CPU.ActiveCfg = Debug|Any CPU
		{1900EEED-C012-4890-8347-9AB5EE7F14F8}.Debug|Any CPU.Build.0 = Debug|Any CPU
		{1900EEED-C012-4890-8347-9AB5EE7F14F8}.Debug|x64.ActiveCfg = Debug|Any CPU
		{1900EEED-C012-4890-8347-9AB5EE7F14F8}.Debug|x64.Build.0 = Debug|Any CPU
		{1900EEED-C012-4890-8347-9AB5EE7F14F8}.Debug|x86.ActiveCfg = Debug|Any CPU
		{1900EEED-C012-4890-8347-9AB5EE7F14F8}.Debug|x86.Build.0 = Debug|Any CPU
		{1900EEED-C012-4890-8347-9AB5EE7F14F8}.Release|Any CPU.ActiveCfg = Release|Any CPU
		{1900EEED-C012-4890-8347-9AB5EE7F14F8}.Release|Any CPU.Build.0 = Release|Any CPU
		{1900EEED-C012-4890-8347-9AB5EE7F14F8}.Release|x64.ActiveCfg = Release|Any CPU
		{1900EEED-C012-4890-8347-9AB5EE7F14F8}.Release|x64.Build.0 = Release|Any CPU
		{1900EEED-C012-4890-8347-9AB5EE7F14F8}.Release|x86.ActiveCfg = Release|Any CPU
		{1900EEED-C012-4890-8347-9AB5EE7F14F8}.Release|x86.Build.0 = Release|Any CPU
		{F43AD5ED-DD57-4636-8A6D-D2326EEB47FE}.Debug|Any CPU.ActiveCfg = Debug|Any CPU
		{F43AD5ED-DD57-4636-8A6D-D2326EEB47FE}.Debug|Any CPU.Build.0 = Debug|Any CPU
		{F43AD5ED-DD57-4636-8A6D-D2326EEB47FE}.Debug|x64.ActiveCfg = Debug|Any CPU
		{F43AD5ED-DD57-4636-8A6D-D2326EEB47FE}.Debug|x64.Build.0 = Debug|Any CPU
		{F43AD5ED-DD57-4636-8A6D-D2326EEB47FE}.Debug|x86.ActiveCfg = Debug|Any CPU
		{F43AD5ED-DD57-4636-8A6D-D2326EEB47FE}.Debug|x86.Build.0 = Debug|Any CPU
		{F43AD5ED-DD57-4636-8A6D-D2326EEB47FE}.Release|Any CPU.ActiveCfg = Release|Any CPU
		{F43AD5ED-DD57-4636-8A6D-D2326EEB47FE}.Release|Any CPU.Build.0 = Release|Any CPU
		{F43AD5ED-DD57-4636-8A6D-D2326EEB47FE}.Release|x64.ActiveCfg = Release|Any CPU
		{F43AD5ED-DD57-4636-8A6D-D2326EEB47FE}.Release|x64.Build.0 = Release|Any CPU
		{F43AD5ED-DD57-4636-8A6D-D2326EEB47FE}.Release|x86.ActiveCfg = Release|Any CPU
		{F43AD5ED-DD57-4636-8A6D-D2326EEB47FE}.Release|x86.Build.0 = Release|Any CPU
		{FFD44982-98D6-486A-BECC-43C207D0FF50}.Debug|Any CPU.ActiveCfg = Debug|Any CPU
		{FFD44982-98D6-486A-BECC-43C207D0FF50}.Debug|Any CPU.Build.0 = Debug|Any CPU
		{FFD44982-98D6-486A-BECC-43C207D0FF50}.Debug|x64.ActiveCfg = Debug|Any CPU
		{FFD44982-98D6-486A-BECC-43C207D0FF50}.Debug|x64.Build.0 = Debug|Any CPU
		{FFD44982-98D6-486A-BECC-43C207D0FF50}.Debug|x86.ActiveCfg = Debug|Any CPU
		{FFD44982-98D6-486A-BECC-43C207D0FF50}.Debug|x86.Build.0 = Debug|Any CPU
		{FFD44982-98D6-486A-BECC-43C207D0FF50}.Release|Any CPU.ActiveCfg = Release|Any CPU
		{FFD44982-98D6-486A-BECC-43C207D0FF50}.Release|Any CPU.Build.0 = Release|Any CPU
		{FFD44982-98D6-486A-BECC-43C207D0FF50}.Release|x64.ActiveCfg = Release|Any CPU
		{FFD44982-98D6-486A-BECC-43C207D0FF50}.Release|x64.Build.0 = Release|Any CPU
		{FFD44982-98D6-486A-BECC-43C207D0FF50}.Release|x86.ActiveCfg = Release|Any CPU
		{FFD44982-98D6-486A-BECC-43C207D0FF50}.Release|x86.Build.0 = Release|Any CPU
		{90065BB8-A582-4BC7-98C3-FE342BCB46D5}.Debug|Any CPU.ActiveCfg = Debug|Any CPU
		{90065BB8-A582-4BC7-98C3-FE342BCB46D5}.Debug|Any CPU.Build.0 = Debug|Any CPU
		{90065BB8-A582-4BC7-98C3-FE342BCB46D5}.Debug|x64.ActiveCfg = Debug|Any CPU
		{90065BB8-A582-4BC7-98C3-FE342BCB46D5}.Debug|x64.Build.0 = Debug|Any CPU
		{90065BB8-A582-4BC7-98C3-FE342BCB46D5}.Debug|x86.ActiveCfg = Debug|Any CPU
		{90065BB8-A582-4BC7-98C3-FE342BCB46D5}.Debug|x86.Build.0 = Debug|Any CPU
		{90065BB8-A582-4BC7-98C3-FE342BCB46D5}.Release|Any CPU.ActiveCfg = Release|Any CPU
		{90065BB8-A582-4BC7-98C3-FE342BCB46D5}.Release|Any CPU.Build.0 = Release|Any CPU
		{90065BB8-A582-4BC7-98C3-FE342BCB46D5}.Release|x64.ActiveCfg = Release|Any CPU
		{90065BB8-A582-4BC7-98C3-FE342BCB46D5}.Release|x64.Build.0 = Release|Any CPU
		{90065BB8-A582-4BC7-98C3-FE342BCB46D5}.Release|x86.ActiveCfg = Release|Any CPU
		{90065BB8-A582-4BC7-98C3-FE342BCB46D5}.Release|x86.Build.0 = Release|Any CPU
		{2FDFD5C5-6325-4CC3-B720-95566F9474F8}.Debug|Any CPU.ActiveCfg = Debug|Any CPU
		{2FDFD5C5-6325-4CC3-B720-95566F9474F8}.Debug|Any CPU.Build.0 = Debug|Any CPU
		{2FDFD5C5-6325-4CC3-B720-95566F9474F8}.Debug|x64.ActiveCfg = Debug|Any CPU
		{2FDFD5C5-6325-4CC3-B720-95566F9474F8}.Debug|x64.Build.0 = Debug|Any CPU
		{2FDFD5C5-6325-4CC3-B720-95566F9474F8}.Debug|x86.ActiveCfg = Debug|Any CPU
		{2FDFD5C5-6325-4CC3-B720-95566F9474F8}.Debug|x86.Build.0 = Debug|Any CPU
		{2FDFD5C5-6325-4CC3-B720-95566F9474F8}.Release|Any CPU.ActiveCfg = Release|Any CPU
		{2FDFD5C5-6325-4CC3-B720-95566F9474F8}.Release|Any CPU.Build.0 = Release|Any CPU
		{2FDFD5C5-6325-4CC3-B720-95566F9474F8}.Release|x64.ActiveCfg = Release|Any CPU
		{2FDFD5C5-6325-4CC3-B720-95566F9474F8}.Release|x64.Build.0 = Release|Any CPU
		{2FDFD5C5-6325-4CC3-B720-95566F9474F8}.Release|x86.ActiveCfg = Release|Any CPU
		{2FDFD5C5-6325-4CC3-B720-95566F9474F8}.Release|x86.Build.0 = Release|Any CPU
		{216FF0D9-033D-4F7C-80CA-732DD84690BA}.Debug|Any CPU.ActiveCfg = Debug|Any CPU
		{216FF0D9-033D-4F7C-80CA-732DD84690BA}.Debug|Any CPU.Build.0 = Debug|Any CPU
		{216FF0D9-033D-4F7C-80CA-732DD84690BA}.Debug|x64.ActiveCfg = Debug|Any CPU
		{216FF0D9-033D-4F7C-80CA-732DD84690BA}.Debug|x64.Build.0 = Debug|Any CPU
		{216FF0D9-033D-4F7C-80CA-732DD84690BA}.Debug|x86.ActiveCfg = Debug|Any CPU
		{216FF0D9-033D-4F7C-80CA-732DD84690BA}.Debug|x86.Build.0 = Debug|Any CPU
		{216FF0D9-033D-4F7C-80CA-732DD84690BA}.Release|Any CPU.ActiveCfg = Release|Any CPU
		{216FF0D9-033D-4F7C-80CA-732DD84690BA}.Release|Any CPU.Build.0 = Release|Any CPU
		{216FF0D9-033D-4F7C-80CA-732DD84690BA}.Release|x64.ActiveCfg = Release|Any CPU
		{216FF0D9-033D-4F7C-80CA-732DD84690BA}.Release|x64.Build.0 = Release|Any CPU
		{216FF0D9-033D-4F7C-80CA-732DD84690BA}.Release|x86.ActiveCfg = Release|Any CPU
		{216FF0D9-033D-4F7C-80CA-732DD84690BA}.Release|x86.Build.0 = Release|Any CPU
	EndGlobalSection
	GlobalSection(SolutionProperties) = preSolution
		HideSolutionNode = FALSE
	EndGlobalSection
	GlobalSection(ExtensibilityGlobals) = postSolution
		SolutionGuid = {7C7ECCDF-D02D-4833-B73C-79C307640DB4}
	EndGlobalSection
EndGlobal
